// !$*UTF8*$!
{
	archiveVersion = 1;
	classes = {
	};
	objectVersion = 56;
	objects = {

/* Begin PBXBuildFile section */
		3903B8322AB2038F00DCB4C4 /* AppDelegate.swift in Sources */ = {isa = PBXBuildFile; fileRef = 3903B8312AB2038F00DCB4C4 /* AppDelegate.swift */; };
		3903B8342AB2038F00DCB4C4 /* SceneDelegate.swift in Sources */ = {isa = PBXBuildFile; fileRef = 3903B8332AB2038F00DCB4C4 /* SceneDelegate.swift */; };
		3903B8362AB2038F00DCB4C4 /* ViewController.swift in Sources */ = {isa = PBXBuildFile; fileRef = 3903B8352AB2038F00DCB4C4 /* ViewController.swift */; };
		3903B8392AB2038F00DCB4C4 /* Main.storyboard in Resources */ = {isa = PBXBuildFile; fileRef = 3903B8372AB2038F00DCB4C4 /* Main.storyboard */; };
		3903B83B2AB2039000DCB4C4 /* Assets.xcassets in Resources */ = {isa = PBXBuildFile; fileRef = 3903B83A2AB2039000DCB4C4 /* Assets.xcassets */; };
		3903B83E2AB2039000DCB4C4 /* LaunchScreen.storyboard in Resources */ = {isa = PBXBuildFile; fileRef = 3903B83C2AB2039000DCB4C4 /* LaunchScreen.storyboard */; };
		3903B8492AB2039000DCB4C4 /* MoviesDBTests.swift in Sources */ = {isa = PBXBuildFile; fileRef = 3903B8482AB2039000DCB4C4 /* MoviesDBTests.swift */; };
		3903B8532AB2039000DCB4C4 /* MoviesDBUITests.swift in Sources */ = {isa = PBXBuildFile; fileRef = 3903B8522AB2039000DCB4C4 /* MoviesDBUITests.swift */; };
		3903B8552AB2039000DCB4C4 /* MoviesDBUITestsLaunchTests.swift in Sources */ = {isa = PBXBuildFile; fileRef = 3903B8542AB2039000DCB4C4 /* MoviesDBUITestsLaunchTests.swift */; };
/* End PBXBuildFile section */

/* Begin PBXContainerItemProxy section */
		3903B8452AB2039000DCB4C4 /* PBXContainerItemProxy */ = {
			isa = PBXContainerItemProxy;
			containerPortal = 3903B8262AB2038F00DCB4C4 /* Project object */;
			proxyType = 1;
			remoteGlobalIDString = 3903B82D2AB2038F00DCB4C4;
			remoteInfo = MoviesDB;
		};
		3903B84F2AB2039000DCB4C4 /* PBXContainerItemProxy */ = {
			isa = PBXContainerItemProxy;
			containerPortal = 3903B8262AB2038F00DCB4C4 /* Project object */;
			proxyType = 1;
			remoteGlobalIDString = 3903B82D2AB2038F00DCB4C4;
			remoteInfo = MoviesDB;
		};
/* End PBXContainerItemProxy section */

/* Begin PBXFileReference section */
		3903B82E2AB2038F00DCB4C4 /* MoviesDB.app */ = {isa = PBXFileReference; explicitFileType = wrapper.application; includeInIndex = 0; path = MoviesDB.app; sourceTree = BUILT_PRODUCTS_DIR; };
		3903B8312AB2038F00DCB4C4 /* AppDelegate.swift */ = {isa = PBXFileReference; lastKnownFileType = sourcecode.swift; path = AppDelegate.swift; sourceTree = "<group>"; };
		3903B8332AB2038F00DCB4C4 /* SceneDelegate.swift */ = {isa = PBXFileReference; lastKnownFileType = sourcecode.swift; path = SceneDelegate.swift; sourceTree = "<group>"; };
		3903B8352AB2038F00DCB4C4 /* ViewController.swift */ = {isa = PBXFileReference; lastKnownFileType = sourcecode.swift; path = ViewController.swift; sourceTree = "<group>"; };
		3903B8382AB2038F00DCB4C4 /* Base */ = {isa = PBXFileReference; lastKnownFileType = file.storyboard; name = Base; path = Base.lproj/Main.storyboard; sourceTree = "<group>"; };
		3903B83A2AB2039000DCB4C4 /* Assets.xcassets */ = {isa = PBXFileReference; lastKnownFileType = folder.assetcatalog; path = Assets.xcassets; sourceTree = "<group>"; };
		3903B83D2AB2039000DCB4C4 /* Base */ = {isa = PBXFileReference; lastKnownFileType = file.storyboard; name = Base; path = Base.lproj/LaunchScreen.storyboard; sourceTree = "<group>"; };
		3903B83F2AB2039000DCB4C4 /* Info.plist */ = {isa = PBXFileReference; lastKnownFileType = text.plist.xml; path = Info.plist; sourceTree = "<group>"; };
		3903B8442AB2039000DCB4C4 /* MoviesDBTests.xctest */ = {isa = PBXFileReference; explicitFileType = wrapper.cfbundle; includeInIndex = 0; path = MoviesDBTests.xctest; sourceTree = BUILT_PRODUCTS_DIR; };
		3903B8482AB2039000DCB4C4 /* MoviesDBTests.swift */ = {isa = PBXFileReference; lastKnownFileType = sourcecode.swift; path = MoviesDBTests.swift; sourceTree = "<group>"; };
		3903B84E2AB2039000DCB4C4 /* MoviesDBUITests.xctest */ = {isa = PBXFileReference; explicitFileType = wrapper.cfbundle; includeInIndex = 0; path = MoviesDBUITests.xctest; sourceTree = BUILT_PRODUCTS_DIR; };
		3903B8522AB2039000DCB4C4 /* MoviesDBUITests.swift */ = {isa = PBXFileReference; lastKnownFileType = sourcecode.swift; path = MoviesDBUITests.swift; sourceTree = "<group>"; };
		3903B8542AB2039000DCB4C4 /* MoviesDBUITestsLaunchTests.swift */ = {isa = PBXFileReference; lastKnownFileType = sourcecode.swift; path = MoviesDBUITestsLaunchTests.swift; sourceTree = "<group>"; };
/* End PBXFileReference section */

/* Begin PBXFrameworksBuildPhase section */
		3903B82B2AB2038F00DCB4C4 /* Frameworks */ = {
			isa = PBXFrameworksBuildPhase;
			buildActionMask = 2147483647;
			files = (
			);
			runOnlyForDeploymentPostprocessing = 0;
		};
		3903B8412AB2039000DCB4C4 /* Frameworks */ = {
			isa = PBXFrameworksBuildPhase;
			buildActionMask = 2147483647;
			files = (
			);
			runOnlyForDeploymentPostprocessing = 0;
		};
		3903B84B2AB2039000DCB4C4 /* Frameworks */ = {
			isa = PBXFrameworksBuildPhase;
			buildActionMask = 2147483647;
			files = (
			);
			runOnlyForDeploymentPostprocessing = 0;
		};
/* End PBXFrameworksBuildPhase section */

/* Begin PBXGroup section */
		3903B8252AB2038F00DCB4C4 = {
			isa = PBXGroup;
			children = (
				3903B8302AB2038F00DCB4C4 /* MoviesDB */,
				3903B8472AB2039000DCB4C4 /* MoviesDBTests */,
				3903B8512AB2039000DCB4C4 /* MoviesDBUITests */,
				3903B82F2AB2038F00DCB4C4 /* Products */,
			);
			sourceTree = "<group>";
		};
		3903B82F2AB2038F00DCB4C4 /* Products */ = {
			isa = PBXGroup;
			children = (
				3903B82E2AB2038F00DCB4C4 /* MoviesDB.app */,
				3903B8442AB2039000DCB4C4 /* MoviesDBTests.xctest */,
				3903B84E2AB2039000DCB4C4 /* MoviesDBUITests.xctest */,
			);
			name = Products;
			sourceTree = "<group>";
		};
		3903B8302AB2038F00DCB4C4 /* MoviesDB */ = {
			isa = PBXGroup;
			children = (
				3903B8312AB2038F00DCB4C4 /* AppDelegate.swift */,
				3903B8332AB2038F00DCB4C4 /* SceneDelegate.swift */,
				3903B8352AB2038F00DCB4C4 /* ViewController.swift */,
				3903B8372AB2038F00DCB4C4 /* Main.storyboard */,
				3903B83A2AB2039000DCB4C4 /* Assets.xcassets */,
				3903B83C2AB2039000DCB4C4 /* LaunchScreen.storyboard */,
				3903B83F2AB2039000DCB4C4 /* Info.plist */,
			);
			path = MoviesDB;
			sourceTree = "<group>";
		};
		3903B8472AB2039000DCB4C4 /* MoviesDBTests */ = {
			isa = PBXGroup;
			children = (
				3903B8482AB2039000DCB4C4 /* MoviesDBTests.swift */,
			);
			path = MoviesDBTests;
			sourceTree = "<group>";
		};
		3903B8512AB2039000DCB4C4 /* MoviesDBUITests */ = {
			isa = PBXGroup;
			children = (
				3903B8522AB2039000DCB4C4 /* MoviesDBUITests.swift */,
				3903B8542AB2039000DCB4C4 /* MoviesDBUITestsLaunchTests.swift */,
			);
			path = MoviesDBUITests;
			sourceTree = "<group>";
		};
/* End PBXGroup section */

/* Begin PBXNativeTarget section */
		3903B82D2AB2038F00DCB4C4 /* MoviesDB */ = {
			isa = PBXNativeTarget;
			buildConfigurationList = 3903B8582AB2039000DCB4C4 /* Build configuration list for PBXNativeTarget "MoviesDB" */;
			buildPhases = (
				3903B82A2AB2038F00DCB4C4 /* Sources */,
				3903B82B2AB2038F00DCB4C4 /* Frameworks */,
				3903B82C2AB2038F00DCB4C4 /* Resources */,
			);
			buildRules = (
			);
			dependencies = (
			);
			name = MoviesDB;
			productName = MoviesDB;
			productReference = 3903B82E2AB2038F00DCB4C4 /* MoviesDB.app */;
			productType = "com.apple.product-type.application";
		};
		3903B8432AB2039000DCB4C4 /* MoviesDBTests */ = {
			isa = PBXNativeTarget;
			buildConfigurationList = 3903B85B2AB2039000DCB4C4 /* Build configuration list for PBXNativeTarget "MoviesDBTests" */;
			buildPhases = (
				3903B8402AB2039000DCB4C4 /* Sources */,
				3903B8412AB2039000DCB4C4 /* Frameworks */,
				3903B8422AB2039000DCB4C4 /* Resources */,
			);
			buildRules = (
			);
			dependencies = (
				3903B8462AB2039000DCB4C4 /* PBXTargetDependency */,
			);
			name = MoviesDBTests;
			productName = MoviesDBTests;
			productReference = 3903B8442AB2039000DCB4C4 /* MoviesDBTests.xctest */;
			productType = "com.apple.product-type.bundle.unit-test";
		};
		3903B84D2AB2039000DCB4C4 /* MoviesDBUITests */ = {
			isa = PBXNativeTarget;
			buildConfigurationList = 3903B85E2AB2039000DCB4C4 /* Build configuration list for PBXNativeTarget "MoviesDBUITests" */;
			buildPhases = (
				3903B84A2AB2039000DCB4C4 /* Sources */,
				3903B84B2AB2039000DCB4C4 /* Frameworks */,
				3903B84C2AB2039000DCB4C4 /* Resources */,
			);
			buildRules = (
			);
			dependencies = (
				3903B8502AB2039000DCB4C4 /* PBXTargetDependency */,
			);
			name = MoviesDBUITests;
			productName = MoviesDBUITests;
			productReference = 3903B84E2AB2039000DCB4C4 /* MoviesDBUITests.xctest */;
			productType = "com.apple.product-type.bundle.ui-testing";
		};
/* End PBXNativeTarget section */

/* Begin PBXProject section */
		3903B8262AB2038F00DCB4C4 /* Project object */ = {
			isa = PBXProject;
			attributes = {
				BuildIndependentTargetsInParallel = 1;
				LastSwiftUpdateCheck = 1430;
				LastUpgradeCheck = 1430;
				TargetAttributes = {
					3903B82D2AB2038F00DCB4C4 = {
						CreatedOnToolsVersion = 14.3.1;
					};
					3903B8432AB2039000DCB4C4 = {
						CreatedOnToolsVersion = 14.3.1;
						TestTargetID = 3903B82D2AB2038F00DCB4C4;
					};
					3903B84D2AB2039000DCB4C4 = {
						CreatedOnToolsVersion = 14.3.1;
						TestTargetID = 3903B82D2AB2038F00DCB4C4;
					};
				};
			};
			buildConfigurationList = 3903B8292AB2038F00DCB4C4 /* Build configuration list for PBXProject "MoviesDB" */;
			compatibilityVersion = "Xcode 14.0";
			developmentRegion = en;
			hasScannedForEncodings = 0;
			knownRegions = (
				en,
				Base,
			);
			mainGroup = 3903B8252AB2038F00DCB4C4;
			productRefGroup = 3903B82F2AB2038F00DCB4C4 /* Products */;
			projectDirPath = "";
			projectRoot = "";
			targets = (
				3903B82D2AB2038F00DCB4C4 /* MoviesDB */,
				3903B8432AB2039000DCB4C4 /* MoviesDBTests */,
				3903B84D2AB2039000DCB4C4 /* MoviesDBUITests */,
			);
		};
/* End PBXProject section */

/* Begin PBXResourcesBuildPhase section */
		3903B82C2AB2038F00DCB4C4 /* Resources */ = {
			isa = PBXResourcesBuildPhase;
			buildActionMask = 2147483647;
			files = (
				3903B83E2AB2039000DCB4C4 /* LaunchScreen.storyboard in Resources */,
				3903B83B2AB2039000DCB4C4 /* Assets.xcassets in Resources */,
				3903B8392AB2038F00DCB4C4 /* Main.storyboard in Resources */,
			);
			runOnlyForDeploymentPostprocessing = 0;
		};
		3903B8422AB2039000DCB4C4 /* Resources */ = {
			isa = PBXResourcesBuildPhase;
			buildActionMask = 2147483647;
			files = (
			);
			runOnlyForDeploymentPostprocessing = 0;
		};
		3903B84C2AB2039000DCB4C4 /* Resources */ = {
			isa = PBXResourcesBuildPhase;
			buildActionMask = 2147483647;
			files = (
			);
			runOnlyForDeploymentPostprocessing = 0;
		};
/* End PBXResourcesBuildPhase section */

/* Begin PBXSourcesBuildPhase section */
		3903B82A2AB2038F00DCB4C4 /* Sources */ = {
			isa = PBXSourcesBuildPhase;
			buildActionMask = 2147483647;
			files = (
				3903B8362AB2038F00DCB4C4 /* ViewController.swift in Sources */,
				3903B8322AB2038F00DCB4C4 /* AppDelegate.swift in Sources */,
				3903B8342AB2038F00DCB4C4 /* SceneDelegate.swift in Sources */,
			);
			runOnlyForDeploymentPostprocessing = 0;
		};
		3903B8402AB2039000DCB4C4 /* Sources */ = {
			isa = PBXSourcesBuildPhase;
			buildActionMask = 2147483647;
			files = (
				3903B8492AB2039000DCB4C4 /* MoviesDBTests.swift in Sources */,
			);
			runOnlyForDeploymentPostprocessing = 0;
		};
		3903B84A2AB2039000DCB4C4 /* Sources */ = {
			isa = PBXSourcesBuildPhase;
			buildActionMask = 2147483647;
			files = (
				3903B8552AB2039000DCB4C4 /* MoviesDBUITestsLaunchTests.swift in Sources */,
				3903B8532AB2039000DCB4C4 /* MoviesDBUITests.swift in Sources */,
			);
			runOnlyForDeploymentPostprocessing = 0;
		};
/* End PBXSourcesBuildPhase section */

/* Begin PBXTargetDependency section */
		3903B8462AB2039000DCB4C4 /* PBXTargetDependency */ = {
			isa = PBXTargetDependency;
			target = 3903B82D2AB2038F00DCB4C4 /* MoviesDB */;
			targetProxy = 3903B8452AB2039000DCB4C4 /* PBXContainerItemProxy */;
		};
		3903B8502AB2039000DCB4C4 /* PBXTargetDependency */ = {
			isa = PBXTargetDependency;
			target = 3903B82D2AB2038F00DCB4C4 /* MoviesDB */;
			targetProxy = 3903B84F2AB2039000DCB4C4 /* PBXContainerItemProxy */;
		};
/* End PBXTargetDependency section */

/* Begin PBXVariantGroup section */
		3903B8372AB2038F00DCB4C4 /* Main.storyboard */ = {
			isa = PBXVariantGroup;
			children = (
				3903B8382AB2038F00DCB4C4 /* Base */,
			);
			name = Main.storyboard;
			sourceTree = "<group>";
		};
		3903B83C2AB2039000DCB4C4 /* LaunchScreen.storyboard */ = {
			isa = PBXVariantGroup;
			children = (
				3903B83D2AB2039000DCB4C4 /* Base */,
			);
			name = LaunchScreen.storyboard;
			sourceTree = "<group>";
		};
/* End PBXVariantGroup section */

/* Begin XCBuildConfiguration section */
		3903B8562AB2039000DCB4C4 /* Debug */ = {
			isa = XCBuildConfiguration;
			buildSettings = {
				ALWAYS_SEARCH_USER_PATHS = NO;
				CLANG_ANALYZER_NONNULL = YES;
				CLANG_ANALYZER_NUMBER_OBJECT_CONVERSION = YES_AGGRESSIVE;
				CLANG_CXX_LANGUAGE_STANDARD = "gnu++20";
				CLANG_ENABLE_MODULES = YES;
				CLANG_ENABLE_OBJC_ARC = YES;
				CLANG_ENABLE_OBJC_WEAK = YES;
				CLANG_WARN_BLOCK_CAPTURE_AUTORELEASING = YES;
				CLANG_WARN_BOOL_CONVERSION = YES;
				CLANG_WARN_COMMA = YES;
				CLANG_WARN_CONSTANT_CONVERSION = YES;
				CLANG_WARN_DEPRECATED_OBJC_IMPLEMENTATIONS = YES;
				CLANG_WARN_DIRECT_OBJC_ISA_USAGE = YES_ERROR;
				CLANG_WARN_DOCUMENTATION_COMMENTS = YES;
				CLANG_WARN_EMPTY_BODY = YES;
				CLANG_WARN_ENUM_CONVERSION = YES;
				CLANG_WARN_INFINITE_RECURSION = YES;
				CLANG_WARN_INT_CONVERSION = YES;
				CLANG_WARN_NON_LITERAL_NULL_CONVERSION = YES;
				CLANG_WARN_OBJC_IMPLICIT_RETAIN_SELF = YES;
				CLANG_WARN_OBJC_LITERAL_CONVERSION = YES;
				CLANG_WARN_OBJC_ROOT_CLASS = YES_ERROR;
				CLANG_WARN_QUOTED_INCLUDE_IN_FRAMEWORK_HEADER = YES;
				CLANG_WARN_RANGE_LOOP_ANALYSIS = YES;
				CLANG_WARN_STRICT_PROTOTYPES = YES;
				CLANG_WARN_SUSPICIOUS_MOVE = YES;
				CLANG_WARN_UNGUARDED_AVAILABILITY = YES_AGGRESSIVE;
				CLANG_WARN_UNREACHABLE_CODE = YES;
				CLANG_WARN__DUPLICATE_METHOD_MATCH = YES;
				COPY_PHASE_STRIP = NO;
				DEBUG_INFORMATION_FORMAT = dwarf;
				ENABLE_STRICT_OBJC_MSGSEND = YES;
				ENABLE_TESTABILITY = YES;
				GCC_C_LANGUAGE_STANDARD = gnu11;
				GCC_DYNAMIC_NO_PIC = NO;
				GCC_NO_COMMON_BLOCKS = YES;
				GCC_OPTIMIZATION_LEVEL = 0;
				GCC_PREPROCESSOR_DEFINITIONS = (
					"DEBUG=1",
					"$(inherited)",
				);
				GCC_WARN_64_TO_32_BIT_CONVERSION = YES;
				GCC_WARN_ABOUT_RETURN_TYPE = YES_ERROR;
				GCC_WARN_UNDECLARED_SELECTOR = YES;
				GCC_WARN_UNINITIALIZED_AUTOS = YES_AGGRESSIVE;
				GCC_WARN_UNUSED_FUNCTION = YES;
				GCC_WARN_UNUSED_VARIABLE = YES;
				IPHONEOS_DEPLOYMENT_TARGET = 16.4;
				MTL_ENABLE_DEBUG_INFO = INCLUDE_SOURCE;
				MTL_FAST_MATH = YES;
				ONLY_ACTIVE_ARCH = YES;
				SDKROOT = iphoneos;
				SWIFT_ACTIVE_COMPILATION_CONDITIONS = DEBUG;
				SWIFT_OPTIMIZATION_LEVEL = "-Onone";
			};
			name = Debug;
		};
		3903B8572AB2039000DCB4C4 /* Release */ = {
			isa = XCBuildConfiguration;
			buildSettings = {
				ALWAYS_SEARCH_USER_PATHS = NO;
				CLANG_ANALYZER_NONNULL = YES;
				CLANG_ANALYZER_NUMBER_OBJECT_CONVERSION = YES_AGGRESSIVE;
				CLANG_CXX_LANGUAGE_STANDARD = "gnu++20";
				CLANG_ENABLE_MODULES = YES;
				CLANG_ENABLE_OBJC_ARC = YES;
				CLANG_ENABLE_OBJC_WEAK = YES;
				CLANG_WARN_BLOCK_CAPTURE_AUTORELEASING = YES;
				CLANG_WARN_BOOL_CONVERSION = YES;
				CLANG_WARN_COMMA = YES;
				CLANG_WARN_CONSTANT_CONVERSION = YES;
				CLANG_WARN_DEPRECATED_OBJC_IMPLEMENTATIONS = YES;
				CLANG_WARN_DIRECT_OBJC_ISA_USAGE = YES_ERROR;
				CLANG_WARN_DOCUMENTATION_COMMENTS = YES;
				CLANG_WARN_EMPTY_BODY = YES;
				CLANG_WARN_ENUM_CONVERSION = YES;
				CLANG_WARN_INFINITE_RECURSION = YES;
				CLANG_WARN_INT_CONVERSION = YES;
				CLANG_WARN_NON_LITERAL_NULL_CONVERSION = YES;
				CLANG_WARN_OBJC_IMPLICIT_RETAIN_SELF = YES;
				CLANG_WARN_OBJC_LITERAL_CONVERSION = YES;
				CLANG_WARN_OBJC_ROOT_CLASS = YES_ERROR;
				CLANG_WARN_QUOTED_INCLUDE_IN_FRAMEWORK_HEADER = YES;
				CLANG_WARN_RANGE_LOOP_ANALYSIS = YES;
				CLANG_WARN_STRICT_PROTOTYPES = YES;
				CLANG_WARN_SUSPICIOUS_MOVE = YES;
				CLANG_WARN_UNGUARDED_AVAILABILITY = YES_AGGRESSIVE;
				CLANG_WARN_UNREACHABLE_CODE = YES;
				CLANG_WARN__DUPLICATE_METHOD_MATCH = YES;
				COPY_PHASE_STRIP = NO;
				DEBUG_INFORMATION_FORMAT = "dwarf-with-dsym";
				ENABLE_NS_ASSERTIONS = NO;
				ENABLE_STRICT_OBJC_MSGSEND = YES;
				GCC_C_LANGUAGE_STANDARD = gnu11;
				GCC_NO_COMMON_BLOCKS = YES;
				GCC_WARN_64_TO_32_BIT_CONVERSION = YES;
				GCC_WARN_ABOUT_RETURN_TYPE = YES_ERROR;
				GCC_WARN_UNDECLARED_SELECTOR = YES;
				GCC_WARN_UNINITIALIZED_AUTOS = YES_AGGRESSIVE;
				GCC_WARN_UNUSED_FUNCTION = YES;
				GCC_WARN_UNUSED_VARIABLE = YES;
				IPHONEOS_DEPLOYMENT_TARGET = 16.4;
				MTL_ENABLE_DEBUG_INFO = NO;
				MTL_FAST_MATH = YES;
				SDKROOT = iphoneos;
				SWIFT_COMPILATION_MODE = wholemodule;
				SWIFT_OPTIMIZATION_LEVEL = "-O";
				VALIDATE_PRODUCT = YES;
			};
			name = Release;
		};
		3903B8592AB2039000DCB4C4 /* Debug */ = {
			isa = XCBuildConfiguration;
			buildSettings = {
				ASSETCATALOG_COMPILER_APPICON_NAME = AppIcon;
				ASSETCATALOG_COMPILER_GLOBAL_ACCENT_COLOR_NAME = AccentColor;
				CODE_SIGN_STYLE = Automatic;
				CURRENT_PROJECT_VERSION = 1;
				GENERATE_INFOPLIST_FILE = YES;
				INFOPLIST_FILE = MoviesDB/Info.plist;
				INFOPLIST_KEY_UIApplicationSupportsIndirectInputEvents = YES;
				INFOPLIST_KEY_UILaunchStoryboardName = LaunchScreen;
				INFOPLIST_KEY_UIMainStoryboardFile = Main;
				INFOPLIST_KEY_UISupportedInterfaceOrientations_iPad = "UIInterfaceOrientationPortrait UIInterfaceOrientationPortraitUpsideDown UIInterfaceOrientationLandscapeLeft UIInterfaceOrientationLandscapeRight";
				INFOPLIST_KEY_UISupportedInterfaceOrientations_iPhone = "UIInterfaceOrientationPortrait UIInterfaceOrientationLandscapeLeft UIInterfaceOrientationLandscapeRight";
				LD_RUNPATH_SEARCH_PATHS = (
					"$(inherited)",
					"@executable_path/Frameworks",
				);
				MARKETING_VERSION = 1.0;
				PRODUCT_BUNDLE_IDENTIFIER = com.car.MoviesDB;
				PRODUCT_NAME = "$(TARGET_NAME)";
				SWIFT_EMIT_LOC_STRINGS = YES;
				SWIFT_VERSION = 5.0;
				TARGETED_DEVICE_FAMILY = "1,2";
			};
			name = Debug;
		};
		3903B85A2AB2039000DCB4C4 /* Release */ = {
			isa = XCBuildConfiguration;
			buildSettings = {
				ASSETCATALOG_COMPILER_APPICON_NAME = AppIcon;
				ASSETCATALOG_COMPILER_GLOBAL_ACCENT_COLOR_NAME = AccentColor;
				CODE_SIGN_STYLE = Automatic;
				CURRENT_PROJECT_VERSION = 1;
				GENERATE_INFOPLIST_FILE = YES;
				INFOPLIST_FILE = MoviesDB/Info.plist;
				INFOPLIST_KEY_UIApplicationSupportsIndirectInputEvents = YES;
				INFOPLIST_KEY_UILaunchStoryboardName = LaunchScreen;
				INFOPLIST_KEY_UIMainStoryboardFile = Main;
				INFOPLIST_KEY_UISupportedInterfaceOrientations_iPad = "UIInterfaceOrientationPortrait UIInterfaceOrientationPortraitUpsideDown UIInterfaceOrientationLandscapeLeft UIInterfaceOrientationLandscapeRight";
				INFOPLIST_KEY_UISupportedInterfaceOrientations_iPhone = "UIInterfaceOrientationPortrait UIInterfaceOrientationLandscapeLeft UIInterfaceOrientationLandscapeRight";
				LD_RUNPATH_SEARCH_PATHS = (
					"$(inherited)",
					"@executable_path/Frameworks",
				);
				MARKETING_VERSION = 1.0;
				PRODUCT_BUNDLE_IDENTIFIER = com.car.MoviesDB;
				PRODUCT_NAME = "$(TARGET_NAME)";
				SWIFT_EMIT_LOC_STRINGS = YES;
				SWIFT_VERSION = 5.0;
				TARGETED_DEVICE_FAMILY = "1,2";
			};
			name = Release;
		};
		3903B85C2AB2039000DCB4C4 /* Debug */ = {
			isa = XCBuildConfiguration;
			buildSettings = {
				ALWAYS_EMBED_SWIFT_STANDARD_LIBRARIES = YES;
				BUNDLE_LOADER = "$(TEST_HOST)";
				CODE_SIGN_STYLE = Automatic;
				CURRENT_PROJECT_VERSION = 1;
				GENERATE_INFOPLIST_FILE = YES;
				IPHONEOS_DEPLOYMENT_TARGET = 16.4;
				MARKETING_VERSION = 1.0;
				PRODUCT_BUNDLE_IDENTIFIER = com.car.MoviesDBTests;
				PRODUCT_NAME = "$(TARGET_NAME)";
				SWIFT_EMIT_LOC_STRINGS = NO;
				SWIFT_VERSION = 5.0;
				TARGETED_DEVICE_FAMILY = "1,2";
				TEST_HOST = "$(BUILT_PRODUCTS_DIR)/MoviesDB.app/$(BUNDLE_EXECUTABLE_FOLDER_PATH)/MoviesDB";
			};
			name = Debug;
		};
		3903B85D2AB2039000DCB4C4 /* Release */ = {
			isa = XCBuildConfiguration;
			buildSettings = {
				ALWAYS_EMBED_SWIFT_STANDARD_LIBRARIES = YES;
				BUNDLE_LOADER = "$(TEST_HOST)";
				CODE_SIGN_STYLE = Automatic;
				CURRENT_PROJECT_VERSION = 1;
				GENERATE_INFOPLIST_FILE = YES;
				IPHONEOS_DEPLOYMENT_TARGET = 16.4;
				MARKETING_VERSION = 1.0;
				PRODUCT_BUNDLE_IDENTIFIER = com.car.MoviesDBTests;
				PRODUCT_NAME = "$(TARGET_NAME)";
				SWIFT_EMIT_LOC_STRINGS = NO;
				SWIFT_VERSION = 5.0;
				TARGETED_DEVICE_FAMILY = "1,2";
				TEST_HOST = "$(BUILT_PRODUCTS_DIR)/MoviesDB.app/$(BUNDLE_EXECUTABLE_FOLDER_PATH)/MoviesDB";
			};
			name = Release;
		};
		3903B85F2AB2039000DCB4C4 /* Debug */ = {
			isa = XCBuildConfiguration;
			buildSettings = {
				ALWAYS_EMBED_SWIFT_STANDARD_LIBRARIES = YES;
				CODE_SIGN_STYLE = Automatic;
				CURRENT_PROJECT_VERSION = 1;
				GENERATE_INFOPLIST_FILE = YES;
				MARKETING_VERSION = 1.0;
				PRODUCT_BUNDLE_IDENTIFIER = com.car.MoviesDBUITests;
				PRODUCT_NAME = "$(TARGET_NAME)";
				SWIFT_EMIT_LOC_STRINGS = NO;
				SWIFT_VERSION = 5.0;
				TARGETED_DEVICE_FAMILY = "1,2";
				TEST_TARGET_NAME = MoviesDB;
			};
			name = Debug;
		};
		3903B8602AB2039000DCB4C4 /* Release */ = {
			isa = XCBuildConfiguration;
			buildSettings = {
				ALWAYS_EMBED_SWIFT_STANDARD_LIBRARIES = YES;
				CODE_SIGN_STYLE = Automatic;
				CURRENT_PROJECT_VERSION = 1;
				GENERATE_INFOPLIST_FILE = YES;
				MARKETING_VERSION = 1.0;
				PRODUCT_BUNDLE_IDENTIFIER = com.car.MoviesDBUITests;
				PRODUCT_NAME = "$(TARGET_NAME)";
				SWIFT_EMIT_LOC_STRINGS = NO;
				SWIFT_VERSION = 5.0;
				TARGETED_DEVICE_FAMILY = "1,2";
				TEST_TARGET_NAME = MoviesDB;
			};
			name = Release;
		};
/* End XCBuildConfiguration section */

/* Begin XCConfigurationList section */
		3903B8292AB2038F00DCB4C4 /* Build configuration list for PBXProject "MoviesDB" */ = {
			isa = XCConfigurationList;
			buildConfigurations = (
				3903B8562AB2039000DCB4C4 /* Debug */,
				3903B8572AB2039000DCB4C4 /* Release */,
			);
			defaultConfigurationIsVisible = 0;
			defaultConfigurationName = Release;
		};
		3903B8582AB2039000DCB4C4 /* Build configuration list for PBXNativeTarget "MoviesDB" */ = {
			isa = XCConfigurationList;
			buildConfigurations = (
				3903B8592AB2039000DCB4C4 /* Debug */,
				3903B85A2AB2039000DCB4C4 /* Release */,
			);
			defaultConfigurationIsVisible = 0;
			defaultConfigurationName = Release;
		};
		3903B85B2AB2039000DCB4C4 /* Build configuration list for PBXNativeTarget "MoviesDBTests" */ = {
			isa = XCConfigurationList;
			buildConfigurations = (
				3903B85C2AB2039000DCB4C4 /* Debug */,
				3903B85D2AB2039000DCB4C4 /* Release */,
			);
			defaultConfigurationIsVisible = 0;
			defaultConfigurationName = Release;
		};
		3903B85E2AB2039000DCB4C4 /* Build configuration list for PBXNativeTarget "MoviesDBUITests" */ = {
			isa = XCConfigurationList;
			buildConfigurations = (
				3903B85F2AB2039000DCB4C4 /* Debug */,
				3903B8602AB2039000DCB4C4 /* Release */,
			);
			defaultConfigurationIsVisible = 0;
			defaultConfigurationName = Release;
		};
/* End XCConfigurationList section */
	};
	rootObject = 3903B8262AB2038F00DCB4C4 /* Project object */;
}
